{
  "requires": true,
  "lockfileVersion": 1,
  "dependencies": {
    "datatables.net": {
      "version": "1.10.19",
      "resolved": "https://registry.npmjs.org/datatables.net/-/datatables.net-1.10.19.tgz",
      "integrity": "sha512-+ljXcI6Pj3PTGy5pesp3E5Dr3x3AV45EZe0o1r0gKENN2gafBKXodVnk2ypKwl2tTmivjxbkiqoWnipTefyBTA==",
      "requires": {
        "jquery": "3.3.1"
      }
    },
    "datatables.net-autofill": {
      "version": "2.3.1",
      "resolved": "https://registry.npmjs.org/datatables.net-autofill/-/datatables.net-autofill-2.3.1.tgz",
      "integrity": "sha512-XSkky9Sm3NYDYd7NC8E3RcbLAwK02fMLI65Pw7ivh6Tvprjs/NCO1o20ZcIPMgIQkdhvJm89To0Pe1tRS2dk6Q==",
      "requires": {
        "datatables.net": "1.10.19",
        "jquery": "3.3.1"
      }
    },
    "datatables.net-autofill-bs4": {
      "version": "2.3.1",
      "resolved": "https://registry.npmjs.org/datatables.net-autofill-bs4/-/datatables.net-autofill-bs4-2.3.1.tgz",
      "integrity": "sha512-P13mqeSCMFSJETpmr/j+SdV0PCxqwPtDaPkL5qaOI6ONFmG3+TkSp63RRy0R0BQTJgtUx1vZfkRLC3JjTZ2Lfw==",
      "requires": {
        "datatables.net-autofill": "2.3.1",
        "datatables.net-bs4": "1.10.19",
        "jquery": "3.3.1"
      }
    },
    "datatables.net-bs4": {
      "version": "1.10.19",
      "resolved": "https://registry.npmjs.org/datatables.net-bs4/-/datatables.net-bs4-1.10.19.tgz",
      "integrity": "sha512-pgeP17w4aPR7HIxIwuJghfqXULjdg1K6xMUUKDyCERJRSNNK4MRToFfELtIsluLNN555YBK4Kx8nihX5/ZT1Fw==",
      "requires": {
        "datatables.net": "1.10.19",
        "jquery": "3.3.1"
      }
    },
    "jquery": {
      "version": "3.3.1",
      "resolved": "https://registry.npmjs.org/jquery/-/jquery-3.3.1.tgz",
      "integrity": "sha512-Ubldcmxp5np52/ENotGxlLe6aGMvmF4R8S6tZjsP6Knsaxd/xp3Zrh50cG93lR6nPXyUFwzN3ZSOQI0wRJNdGg=="
    }
  }
}
